
Microsoft Visual Studio Solution File, Format Version 12.00
# Visual Studio Version 17
VisualStudioVersion = 17.1.32421.90
MinimumVisualStudioVersion = 10.0.40219.1
Project("{FAE04EC0-301F-11D3-BF4B-00C04F79EFBC}") = "ProjetoLocadora-04-05", "ProjetoLocadora-04-05\ProjetoLocadora-04-05.csproj", "{594A6106-D4E9-413F-A921-E528E2C0F1A9}"
EndProject
Global
	GlobalSection(SolutionConfigurationPlatforms) = preSolution
		Debug|Any CPU = Debug|Any CPU
		Release|Any CPU = Release|Any CPU
	EndGlobalSection
	GlobalSection(ProjectConfigurationPlatforms) = postSolution
		{594A6106-D4E9-413F-A921-E528E2C0F1A9}.Debug|Any CPU.ActiveCfg = Debug|Any CPU
		{594A6106-D4E9-413F-A921-E528E2C0F1A9}.Debug|Any CPU.Build.0 = Debug|Any CPU
		{594A6106-D4E9-413F-A921-E528E2C0F1A9}.Release|Any CPU.ActiveCfg = Release|Any CPU
		{594A6106-D4E9-413F-A921-E528E2C0F1A9}.Release|Any CPU.Build.0 = Release|Any CPU
	EndGlobalSection
	GlobalSection(SolutionProperties) = preSolution
		HideSolutionNode = FALSE
	EndGlobalSection
	GlobalSection(ExtensibilityGlobals) = postSolution
		SolutionGuid = {14055D05-F21E-4BB1-AF56-40BCD221DE16}
	EndGlobalSection
EndGlobal
